// !$*UTF8*$!
{
	archiveVersion = 1;
	classes = {
	};
	objectVersion = 46;
	objects = {

/* Begin PBXBuildFile section */
		337A2A8C1E4585F90069E40B /* main.m in Sources */ = {isa = PBXBuildFile; fileRef = 337A2A8B1E4585F90069E40B /* main.m */; };
		337A2A8F1E4585F90069E40B /* AppDelegate.m in Sources */ = {isa = PBXBuildFile; fileRef = 337A2A8E1E4585F90069E40B /* AppDelegate.m */; };
		337A2A921E4585F90069E40B /* ViewController.m in Sources */ = {isa = PBXBuildFile; fileRef = 337A2A911E4585F90069E40B /* ViewController.m */; };
		337A2A951E4585F90069E40B /* Main.storyboard in Resources */ = {isa = PBXBuildFile; fileRef = 337A2A931E4585F90069E40B /* Main.storyboard */; };
		337A2A971E4585F90069E40B /* Assets.xcassets in Resources */ = {isa = PBXBuildFile; fileRef = 337A2A961E4585F90069E40B /* Assets.xcassets */; };
		337A2A9A1E4585F90069E40B /* LaunchScreen.storyboard in Resources */ = {isa = PBXBuildFile; fileRef = 337A2A981E4585F90069E40B /* LaunchScreen.storyboard */; };
		337A2AA51E4585FA0069E40B /* YYLikeButtonTests.m in Sources */ = {isa = PBXBuildFile; fileRef = 337A2AA41E4585FA0069E40B /* YYLikeButtonTests.m */; };
		337A2AB01E4585FA0069E40B /* YYLikeButtonUITests.m in Sources */ = {isa = PBXBuildFile; fileRef = 337A2AAF1E4585FA0069E40B /* YYLikeButtonUITests.m */; };
		337A2ABF1E45863D0069E40B /* LikeButton.m in Sources */ = {isa = PBXBuildFile; fileRef = 337A2ABE1E45863D0069E40B /* LikeButton.m */; };
/* End PBXBuildFile section */

/* Begin PBXContainerItemProxy section */
		337A2AA11E4585FA0069E40B /* PBXContainerItemProxy */ = {
			isa = PBXContainerItemProxy;
			containerPortal = 337A2A7F1E4585F90069E40B /* Project object */;
			proxyType = 1;
			remoteGlobalIDString = 337A2A861E4585F90069E40B;
			remoteInfo = YYLikeButton;
		};
		337A2AAC1E4585FA0069E40B /* PBXContainerItemProxy */ = {
			isa = PBXContainerItemProxy;
			containerPortal = 337A2A7F1E4585F90069E40B /* Project object */;
			proxyType = 1;
			remoteGlobalIDString = 337A2A861E4585F90069E40B;
			remoteInfo = YYLikeButton;
		};
/* End PBXContainerItemProxy section */

/* Begin PBXFileReference section */
		337A2A871E4585F90069E40B /* YYLikeButton.app */ = {isa = PBXFileReference; explicitFileType = wrapper.application; includeInIndex = 0; path = YYLikeButton.app; sourceTree = BUILT_PRODUCTS_DIR; };
		337A2A8B1E4585F90069E40B /* main.m */ = {isa = PBXFileReference; lastKnownFileType = sourcecode.c.objc; path = main.m; sourceTree = "<group>"; };
		337A2A8D1E4585F90069E40B /* AppDelegate.h */ = {isa = PBXFileReference; lastKnownFileType = sourcecode.c.h; path = AppDelegate.h; sourceTree = "<group>"; };
		337A2A8E1E4585F90069E40B /* AppDelegate.m */ = {isa = PBXFileReference; lastKnownFileType = sourcecode.c.objc; path = AppDelegate.m; sourceTree = "<group>"; };
		337A2A901E4585F90069E40B /* ViewController.h */ = {isa = PBXFileReference; lastKnownFileType = sourcecode.c.h; path = ViewController.h; sourceTree = "<group>"; };
		337A2A911E4585F90069E40B /* ViewController.m */ = {isa = PBXFileReference; lastKnownFileType = sourcecode.c.objc; path = ViewController.m; sourceTree = "<group>"; };
		337A2A941E4585F90069E40B /* Base */ = {isa = PBXFileReference; lastKnownFileType = file.storyboard; name = Base; path = Base.lproj/Main.storyboard; sourceTree = "<group>"; };
		337A2A961E4585F90069E40B /* Assets.xcassets */ = {isa = PBXFileReference; lastKnownFileType = folder.assetcatalog; path = Assets.xcassets; sourceTree = "<group>"; };
		337A2A991E4585F90069E40B /* Base */ = {isa = PBXFileReference; lastKnownFileType = file.storyboard; name = Base; path = Base.lproj/LaunchScreen.storyboard; sourceTree = "<group>"; };
		337A2A9B1E4585F90069E40B /* Info.plist */ = {isa = PBXFileReference; lastKnownFileType = text.plist.xml; path = Info.plist; sourceTree = "<group>"; };
		337A2AA01E4585FA0069E40B /* YYLikeButtonTests.xctest */ = {isa = PBXFileReference; explicitFileType = wrapper.cfbundle; includeInIndex = 0; path = YYLikeButtonTests.xctest; sourceTree = BUILT_PRODUCTS_DIR; };
		337A2AA41E4585FA0069E40B /* YYLikeButtonTests.m */ = {isa = PBXFileReference; lastKnownFileType = sourcecode.c.objc; path = YYLikeButtonTests.m; sourceTree = "<group>"; };
		337A2AA61E4585FA0069E40B /* Info.plist */ = {isa = PBXFileReference; lastKnownFileType = text.plist.xml; path = Info.plist; sourceTree = "<group>"; };
		337A2AAB1E4585FA0069E40B /* YYLikeButtonUITests.xctest */ = {isa = PBXFileReference; explicitFileType = wrapper.cfbundle; includeInIndex = 0; path = YYLikeButtonUITests.xctest; sourceTree = BUILT_PRODUCTS_DIR; };
		337A2AAF1E4585FA0069E40B /* YYLikeButtonUITests.m */ = {isa = PBXFileReference; lastKnownFileType = sourcecode.c.objc; path = YYLikeButtonUITests.m; sourceTree = "<group>"; };
		337A2AB11E4585FA0069E40B /* Info.plist */ = {isa = PBXFileReference; lastKnownFileType = text.plist.xml; path = Info.plist; sourceTree = "<group>"; };
		337A2ABD1E45863D0069E40B /* LikeButton.h */ = {isa = PBXFileReference; fileEncoding = 4; lastKnownFileType = sourcecode.c.h; path = LikeButton.h; sourceTree = "<group>"; };
		337A2ABE1E45863D0069E40B /* LikeButton.m */ = {isa = PBXFileReference; fileEncoding = 4; lastKnownFileType = sourcecode.c.objc; path = LikeButton.m; sourceTree = "<group>"; };
/* End PBXFileReference section */

/* Begin PBXFrameworksBuildPhase section */
		337A2A841E4585F90069E40B /* Frameworks */ = {
			isa = PBXFrameworksBuildPhase;
			buildActionMask = 2147483647;
			files = (
			);
			runOnlyForDeploymentPostprocessing = 0;
		};
		337A2A9D1E4585FA0069E40B /* Frameworks */ = {
			isa = PBXFrameworksBuildPhase;
			buildActionMask = 2147483647;
			files = (
			);
			runOnlyForDeploymentPostprocessing = 0;
		};
		337A2AA81E4585FA0069E40B /* Frameworks */ = {
			isa = PBXFrameworksBuildPhase;
			buildActionMask = 2147483647;
			files = (
			);
			runOnlyForDeploymentPostprocessing = 0;
		};
/* End PBXFrameworksBuildPhase section */

/* Begin PBXGroup section */
		337A2A7E1E4585F90069E40B = {
			isa = PBXGroup;
			children = (
				337A2A891E4585F90069E40B /* YYLikeButton */,
				337A2AA31E4585FA0069E40B /* YYLikeButtonTests */,
				337A2AAE1E4585FA0069E40B /* YYLikeButtonUITests */,
				337A2A881E4585F90069E40B /* Products */,
			);
			sourceTree = "<group>";
		};
		337A2A881E4585F90069E40B /* Products */ = {
			isa = PBXGroup;
			children = (
				337A2A871E4585F90069E40B /* YYLikeButton.app */,
				337A2AA01E4585FA0069E40B /* YYLikeButtonTests.xctest */,
				337A2AAB1E4585FA0069E40B /* YYLikeButtonUITests.xctest */,
			);
			name = Products;
			sourceTree = "<group>";
		};
		337A2A891E4585F90069E40B /* YYLikeButton */ = {
			isa = PBXGroup;
			children = (
				337A2ABD1E45863D0069E40B /* LikeButton.h */,
				337A2ABE1E45863D0069E40B /* LikeButton.m */,
				337A2A8D1E4585F90069E40B /* AppDelegate.h */,
				337A2A8E1E4585F90069E40B /* AppDelegate.m */,
				337A2A901E4585F90069E40B /* ViewController.h */,
				337A2A911E4585F90069E40B /* ViewController.m */,
				337A2A931E4585F90069E40B /* Main.storyboard */,
				337A2A961E4585F90069E40B /* Assets.xcassets */,
				337A2A981E4585F90069E40B /* LaunchScreen.storyboard */,
				337A2A9B1E4585F90069E40B /* Info.plist */,
				337A2A8A1E4585F90069E40B /* Supporting Files */,
			);
			path = YYLikeButton;
			sourceTree = "<group>";
		};
		337A2A8A1E4585F90069E40B /* Supporting Files */ = {
			isa = PBXGroup;
			children = (
				337A2A8B1E4585F90069E40B /* main.m */,
			);
			name = "Supporting Files";
			sourceTree = "<group>";
		};
		337A2AA31E4585FA0069E40B /* YYLikeButtonTests */ = {
			isa = PBXGroup;
			children = (
				337A2AA41E4585FA0069E40B /* YYLikeButtonTests.m */,
				337A2AA61E4585FA0069E40B /* Info.plist */,
			);
			path = YYLikeButtonTests;
			sourceTree = "<group>";
		};
		337A2AAE1E4585FA0069E40B /* YYLikeButtonUITests */ = {
			isa = PBXGroup;
			children = (
				337A2AAF1E4585FA0069E40B /* YYLikeButtonUITests.m */,
				337A2AB11E4585FA0069E40B /* Info.plist */,
			);
			path = YYLikeButtonUITests;
			sourceTree = "<group>";
		};
/* End PBXGroup section */

/* Begin PBXNativeTarget section */
		337A2A861E4585F90069E40B /* YYLikeButton */ = {
			isa = PBXNativeTarget;
			buildConfigurationList = 337A2AB41E4585FA0069E40B /* Build configuration list for PBXNativeTarget "YYLikeButton" */;
			buildPhases = (
				337A2A831E4585F90069E40B /* Sources */,
				337A2A841E4585F90069E40B /* Frameworks */,
				337A2A851E4585F90069E40B /* Resources */,
			);
			buildRules = (
			);
			dependencies = (
			);
			name = YYLikeButton;
			productName = YYLikeButton;
			productReference = 337A2A871E4585F90069E40B /* YYLikeButton.app */;
			productType = "com.apple.product-type.application";
		};
		337A2A9F1E4585FA0069E40B /* YYLikeButtonTests */ = {
			isa = PBXNativeTarget;
			buildConfigurationList = 337A2AB71E4585FA0069E40B /* Build configuration list for PBXNativeTarget "YYLikeButtonTests" */;
			buildPhases = (
				337A2A9C1E4585FA0069E40B /* Sources */,
				337A2A9D1E4585FA0069E40B /* Frameworks */,
				337A2A9E1E4585FA0069E40B /* Resources */,
			);
			buildRules = (
			);
			dependencies = (
				337A2AA21E4585FA0069E40B /* PBXTargetDependency */,
			);
			name = YYLikeButtonTests;
			productName = YYLikeButtonTests;
			productReference = 337A2AA01E4585FA0069E40B /* YYLikeButtonTests.xctest */;
			productType = "com.apple.product-type.bundle.unit-test";
		};
		337A2AAA1E4585FA0069E40B /* YYLikeButtonUITests */ = {
			isa = PBXNativeTarget;
			buildConfigurationList = 337A2ABA1E4585FA0069E40B /* Build configuration list for PBXNativeTarget "YYLikeButtonUITests" */;
			buildPhases = (
				337A2AA71E4585FA0069E40B /* Sources */,
				337A2AA81E4585FA0069E40B /* Frameworks */,
				337A2AA91E4585FA0069E40B /* Resources */,
			);
			buildRules = (
			);
			dependencies = (
				337A2AAD1E4585FA0069E40B /* PBXTargetDependency */,
			);
			name = YYLikeButtonUITests;
			productName = YYLikeButtonUITests;
			productReference = 337A2AAB1E4585FA0069E40B /* YYLikeButtonUITests.xctest */;
			productType = "com.apple.product-type.bundle.ui-testing";
		};
/* End PBXNativeTarget section */

/* Begin PBXProject section */
		337A2A7F1E4585F90069E40B /* Project object */ = {
			isa = PBXProject;
			attributes = {
				LastUpgradeCheck = 0730;
				ORGANIZATIONNAME = yy;
				TargetAttributes = {
					337A2A861E4585F90069E40B = {
						CreatedOnToolsVersion = 7.3.1;
					};
					337A2A9F1E4585FA0069E40B = {
						CreatedOnToolsVersion = 7.3.1;
						DevelopmentTeam = EFSB5GDYX8;
						TestTargetID = 337A2A861E4585F90069E40B;
					};
					337A2AAA1E4585FA0069E40B = {
						CreatedOnToolsVersion = 7.3.1;
						DevelopmentTeam = EFSB5GDYX8;
						TestTargetID = 337A2A861E4585F90069E40B;
					};
				};
			};
			buildConfigurationList = 337A2A821E4585F90069E40B /* Build configuration list for PBXProject "YYLikeButton" */;
			compatibilityVersion = "Xcode 3.2";
			developmentRegion = English;
			hasScannedForEncodings = 0;
			knownRegions = (
				en,
				Base,
			);
			mainGroup = 337A2A7E1E4585F90069E40B;
			productRefGroup = 337A2A881E4585F90069E40B /* Products */;
			projectDirPath = "";
			projectRoot = "";
			targets = (
				337A2A861E4585F90069E40B /* YYLikeButton */,
				337A2A9F1E4585FA0069E40B /* YYLikeButtonTests */,
				337A2AAA1E4585FA0069E40B /* YYLikeButtonUITests */,
			);
		};
/* End PBXProject section */

/* Begin PBXResourcesBuildPhase section */
		337A2A851E4585F90069E40B /* Resources */ = {
			isa = PBXResourcesBuildPhase;
			buildActionMask = 2147483647;
			files = (
				337A2A9A1E4585F90069E40B /* LaunchScreen.storyboard in Resources */,
				337A2A971E4585F90069E40B /* Assets.xcassets in Resources */,
				337A2A951E4585F90069E40B /* Main.storyboard in Resources */,
			);
			runOnlyForDeploymentPostprocessing = 0;
		};
		337A2A9E1E4585FA0069E40B /* Resources */ = {
			isa = PBXResourcesBuildPhase;
			buildActionMask = 2147483647;
			files = (
			);
			runOnlyForDeploymentPostprocessing = 0;
		};
		337A2AA91E4585FA0069E40B /* Resources */ = {
			isa = PBXResourcesBuildPhase;
			buildActionMask = 2147483647;
			files = (
			);
			runOnlyForDeploymentPostprocessing = 0;
		};
/* End PBXResourcesBuildPhase section */

/* Begin PBXSourcesBuildPhase section */
		337A2A831E4585F90069E40B /* Sources */ = {
			isa = PBXSourcesBuildPhase;
			buildActionMask = 2147483647;
			files = (
				337A2ABF1E45863D0069E40B /* LikeButton.m in Sources */,
				337A2A921E4585F90069E40B /* ViewController.m in Sources */,
				337A2A8F1E4585F90069E40B /* AppDelegate.m in Sources */,
				337A2A8C1E4585F90069E40B /* main.m in Sources */,
			);
			runOnlyForDeploymentPostprocessing = 0;
		};
		337A2A9C1E4585FA0069E40B /* Sources */ = {
			isa = PBXSourcesBuildPhase;
			buildActionMask = 2147483647;
			files = (
				337A2AA51E4585FA0069E40B /* YYLikeButtonTests.m in Sources */,
			);
			runOnlyForDeploymentPostprocessing = 0;
		};
		337A2AA71E4585FA0069E40B /* Sources */ = {
			isa = PBXSourcesBuildPhase;
			buildActionMask = 2147483647;
			files = (
				337A2AB01E4585FA0069E40B /* YYLikeButtonUITests.m in Sources */,
			);
			runOnlyForDeploymentPostprocessing = 0;
		};
/* End PBXSourcesBuildPhase section */

/* Begin PBXTargetDependency section */
		337A2AA21E4585FA0069E40B /* PBXTargetDependency */ = {
			isa = PBXTargetDependency;
			target = 337A2A861E4585F90069E40B /* YYLikeButton */;
			targetProxy = 337A2AA11E4585FA0069E40B /* PBXContainerItemProxy */;
		};
		337A2AAD1E4585FA0069E40B /* PBXTargetDependency */ = {
			isa = PBXTargetDependency;
			target = 337A2A861E4585F90069E40B /* YYLikeButton */;
			targetProxy = 337A2AAC1E4585FA0069E40B /* PBXContainerItemProxy */;
		};
/* End PBXTargetDependency section */

/* Begin PBXVariantGroup section */
		337A2A931E4585F90069E40B /* Main.storyboard */ = {
			isa = PBXVariantGroup;
			children = (
				337A2A941E4585F90069E40B /* Base */,
			);
			name = Main.storyboard;
			sourceTree = "<group>";
		};
		337A2A981E4585F90069E40B /* LaunchScreen.storyboard */ = {
			isa = PBXVariantGroup;
			children = (
				337A2A991E4585F90069E40B /* Base */,
			);
			name = LaunchScreen.storyboard;
			sourceTree = "<group>";
		};
/* End PBXVariantGroup section */

/* Begin XCBuildConfiguration section */
		337A2AB21E4585FA0069E40B /* Debug */ = {
			isa = XCBuildConfiguration;
			buildSettings = {
				ALWAYS_SEARCH_USER_PATHS = NO;
				CLANG_ANALYZER_NONNULL = YES;
				CLANG_CXX_LANGUAGE_STANDARD = "gnu++0x";
				CLANG_CXX_LIBRARY = "libc++";
				CLANG_ENABLE_MODULES = YES;
				CLANG_ENABLE_OBJC_ARC = YES;
				CLANG_WARN_BOOL_CONVERSION = YES;
				CLANG_WARN_CONSTANT_CONVERSION = YES;
				CLANG_WARN_DIRECT_OBJC_ISA_USAGE = YES_ERROR;
				CLANG_WARN_EMPTY_BODY = YES;
				CLANG_WARN_ENUM_CONVERSION = YES;
				CLANG_WARN_INT_CONVERSION = YES;
				CLANG_WARN_OBJC_ROOT_CLASS = YES_ERROR;
				CLANG_WARN_UNREACHABLE_CODE = YES;
				CLANG_WARN__DUPLICATE_METHOD_MATCH = YES;
				"CODE_SIGN_IDENTITY[sdk=iphoneos*]" = "iPhone Developer";
				COPY_PHASE_STRIP = NO;
				DEBUG_INFORMATION_FORMAT = dwarf;
				ENABLE_STRICT_OBJC_MSGSEND = YES;
				ENABLE_TESTABILITY = YES;
				GCC_C_LANGUAGE_STANDARD = gnu99;
				GCC_DYNAMIC_NO_PIC = NO;
				GCC_NO_COMMON_BLOCKS = YES;
				GCC_OPTIMIZATION_LEVEL = 0;
				GCC_PREPROCESSOR_DEFINITIONS = (
					"DEBUG=1",
					"$(inherited)",
				);
				GCC_WARN_64_TO_32_BIT_CONVERSION = YES;
				GCC_WARN_ABOUT_RETURN_TYPE = YES_ERROR;
				GCC_WARN_UNDECLARED_SELECTOR = YES;
				GCC_WARN_UNINITIALIZED_AUTOS = YES_AGGRESSIVE;
				GCC_WARN_UNUSED_FUNCTION = YES;
				GCC_WARN_UNUSED_VARIABLE = YES;
				IPHONEOS_DEPLOYMENT_TARGET = 9.3;
				MTL_ENABLE_DEBUG_INFO = YES;
				ONLY_ACTIVE_ARCH = YES;
				SDKROOT = iphoneos;
				TARGETED_DEVICE_FAMILY = "1,2";
			};
			name = Debug;
		};
		337A2AB31E4585FA0069E40B /* Release */ = {
			isa = XCBuildConfiguration;
			buildSettings = {
				ALWAYS_SEARCH_USER_PATHS = NO;
				CLANG_ANALYZER_NONNULL = YES;
				CLANG_CXX_LANGUAGE_STANDARD = "gnu++0x";
				CLANG_CXX_LIBRARY = "libc++";
				CLANG_ENABLE_MODULES = YES;
				CLANG_ENABLE_OBJC_ARC = YES;
				CLANG_WARN_BOOL_CONVERSION = YES;
				CLANG_WARN_CONSTANT_CONVERSION = YES;
				CLANG_WARN_DIRECT_OBJC_ISA_USAGE = YES_ERROR;
				CLANG_WARN_EMPTY_BODY = YES;
				CLANG_WARN_ENUM_CONVERSION = YES;
				CLANG_WARN_INT_CONVERSION = YES;
				CLANG_WARN_OBJC_ROOT_CLASS = YES_ERROR;
				CLANG_WARN_UNREACHABLE_CODE = YES;
				CLANG_WARN__DUPLICATE_METHOD_MATCH = YES;
				"CODE_SIGN_IDENTITY[sdk=iphoneos*]" = "iPhone Developer";
				COPY_PHASE_STRIP = NO;
				DEBUG_INFORMATION_FORMAT = "dwarf-with-dsym";
				ENABLE_NS_ASSERTIONS = NO;
				ENABLE_STRICT_OBJC_MSGSEND = YES;
				GCC_C_LANGUAGE_STANDARD = gnu99;
				GCC_NO_COMMON_BLOCKS = YES;
				GCC_WARN_64_TO_32_BIT_CONVERSION = YES;
				GCC_WARN_ABOUT_RETURN_TYPE = YES_ERROR;
				GCC_WARN_UNDECLARED_SELECTOR = YES;
				GCC_WARN_UNINITIALIZED_AUTOS = YES_AGGRESSIVE;
				GCC_WARN_UNUSED_FUNCTION = YES;
				GCC_WARN_UNUSED_VARIABLE = YES;
				IPHONEOS_DEPLOYMENT_TARGET = 9.3;
				MTL_ENABLE_DEBUG_INFO = NO;
				SDKROOT = iphoneos;
				TARGETED_DEVICE_FAMILY = "1,2";
				VALIDATE_PRODUCT = YES;
			};
			name = Release;
		};
		337A2AB51E4585FA0069E40B /* Debug */ = {
			isa = XCBuildConfiguration;
			buildSettings = {
				ASSETCATALOG_COMPILER_APPICON_NAME = AppIcon;
				CODE_SIGN_IDENTITY = "iPhone Developer";
				INFOPLIST_FILE = YYLikeButton/Info.plist;
				IPHONEOS_DEPLOYMENT_TARGET = 8.3;
				LD_RUNPATH_SEARCH_PATHS = "$(inherited) @executable_path/Frameworks";
				PRODUCT_BUNDLE_IDENTIFIER = com.yy.YYLikeButton;
				PRODUCT_NAME = "$(TARGET_NAME)";
			};
			name = Debug;
		};
		337A2AB61E4585FA0069E40B /* Release */ = {
			isa = XCBuildConfiguration;
			buildSettings = {
				ASSETCATALOG_COMPILER_APPICON_NAME = AppIcon;
				CODE_SIGN_IDENTITY = "iPhone Developer";
				INFOPLIST_FILE = YYLikeButton/Info.plist;
				IPHONEOS_DEPLOYMENT_TARGET = 8.3;
				LD_RUNPATH_SEARCH_PATHS = "$(inherited) @executable_path/Frameworks";
				PRODUCT_BUNDLE_IDENTIFIER = com.yy.YYLikeButton;
				PRODUCT_NAME = "$(TARGET_NAME)";
			};
			name = Release;
		};
		337A2AB81E4585FA0069E40B /* Debug */ = {
			isa = XCBuildConfiguration;
			buildSettings = {
				BUNDLE_LOADER = "$(TEST_HOST)";
				INFOPLIST_FILE = YYLikeButtonTests/Info.plist;
				LD_RUNPATH_SEARCH_PATHS = "$(inherited) @executable_path/Frameworks @loader_path/Frameworks";
				PRODUCT_BUNDLE_IDENTIFIER = com.yy.YYLikeButtonTests;
				PRODUCT_NAME = "$(TARGET_NAME)";
				TEST_HOST = "$(BUILT_PRODUCTS_DIR)/YYLikeButton.app/YYLikeButton";
			};
			name = Debug;
		};
		337A2AB91E4585FA0069E40B /* Release */ = {
			isa = XCBuildConfiguration;
			buildSettings = {
				BUNDLE_LOADER = "$(TEST_HOST)";
				INFOPLIST_FILE = YYLikeButtonTests/Info.plist;
				LD_RUNPATH_SEARCH_PATHS = "$(inherited) @executable_path/Frameworks @loader_path/Frameworks";
				PRODUCT_BUNDLE_IDENTIFIER = com.yy.YYLikeButtonTests;
				PRODUCT_NAME = "$(TARGET_NAME)";
				TEST_HOST = "$(BUILT_PRODUCTS_DIR)/YYLikeButton.app/YYLikeButton";
			};
			name = Release;
		};
		337A2ABB1E4585FA0069E40B /* Debug */ = {
			isa = XCBuildConfiguration;
			buildSettings = {
				INFOPLIST_FILE = YYLikeButtonUITests/Info.plist;
				LD_RUNPATH_SEARCH_PATHS = "$(inherited) @executable_path/Frameworks @loader_path/Frameworks";
				PRODUCT_BUNDLE_IDENTIFIER = com.yy.YYLikeButtonUITests;
				PRODUCT_NAME = "$(TARGET_NAME)";
				TEST_TARGET_NAME = YYLikeButton;
			};
			name = Debug;
		};
		337A2ABC1E4585FA0069E40B /* Release */ = {
			isa = XCBuildConfiguration;
			buildSettings = {
				INFOPLIST_FILE = YYLikeButtonUITests/Info.plist;
				LD_RUNPATH_SEARCH_PATHS = "$(inherited) @executable_path/Frameworks @loader_path/Frameworks";
				PRODUCT_BUNDLE_IDENTIFIER = com.yy.YYLikeButtonUITests;
				PRODUCT_NAME = "$(TARGET_NAME)";
				TEST_TARGET_NAME = YYLikeButton;
			};
			name = Release;
		};
/* End XCBuildConfiguration section */

/* Begin XCConfigurationList section */
		337A2A821E4585F90069E40B /* Build configuration list for PBXProject "YYLikeButton" */ = {
			isa = XCConfigurationList;
			buildConfigurations = (
				337A2AB21E4585FA0069E40B /* Debug */,
				337A2AB31E4585FA0069E40B /* Release */,
			);
			defaultConfigurationIsVisible = 0;
			defaultConfigurationName = Release;
		};
		337A2AB41E4585FA0069E40B /* Build configuration list for PBXNativeTarget "YYLikeButton" */ = {
			isa = XCConfigurationList;
			buildConfigurations = (
				337A2AB51E4585FA0069E40B /* Debug */,
				337A2AB61E4585FA0069E40B /* Release */,
			);
			defaultConfigurationIsVisible = 0;
		};
		337A2AB71E4585FA0069E40B /* Build configuration list for PBXNativeTarget "YYLikeButtonTests" */ = {
			isa = XCConfigurationList;
			buildConfigurations = (
				337A2AB81E4585FA0069E40B /* Debug */,
				337A2AB91E4585FA0069E40B /* Release */,
			);
			defaultConfigurationIsVisible = 0;
		};
		337A2ABA1E4585FA0069E40B /* Build configuration list for PBXNativeTarget "YYLikeButtonUITests" */ = {
			isa = XCConfigurationList;
			buildConfigurations = (
				337A2ABB1E4585FA0069E40B /* Debug */,
				337A2ABC1E4585FA0069E40B /* Release */,
			);
			defaultConfigurationIsVisible = 0;
		};
/* End XCConfigurationList section */
	};
	rootObject = 337A2A7F1E4585F90069E40B /* Project object */;
}
